{
  "name": "sevensegwords",
  "version": "1.0.0",
  "lockfileVersion": 1,
  "requires": true,
  "dependencies": {
    "@types/node": {
      "version": "10.11.6",
      "resolved": "https://registry.npmjs.org/@types/node/-/node-10.11.6.tgz",
      "integrity": "sha512-fnA7yvqg3oKQDb3skBif9w5RRKVKAaeKeNuLzZL37XcSiWL4IoSXQnnbchR3UnBu2EMLHBip7ZVEkqoIVBP8QQ=="
    }
  }
}
